// !$*UTF8*$!
{
	archiveVersion = 1;
	classes = {
	};
	objectVersion = 50;
	objects = {

/* Begin PBXBuildFile section */
		96353E4A23FDAD3A00105F93 /* AppDelegate.swift in Sources */ = {isa = PBXBuildFile; fileRef = 96353E4923FDAD3A00105F93 /* AppDelegate.swift */; };
		96353E4C23FDAD3A00105F93 /* ContentView.swift in Sources */ = {isa = PBXBuildFile; fileRef = 96353E4B23FDAD3A00105F93 /* ContentView.swift */; };
		96353E4E23FDAD3D00105F93 /* Assets.xcassets in Resources */ = {isa = PBXBuildFile; fileRef = 96353E4D23FDAD3D00105F93 /* Assets.xcassets */; };
		96353E5123FDAD3D00105F93 /* Preview Assets.xcassets in Resources */ = {isa = PBXBuildFile; fileRef = 96353E5023FDAD3D00105F93 /* Preview Assets.xcassets */; };
		96353E5423FDAD3D00105F93 /* Main.storyboard in Resources */ = {isa = PBXBuildFile; fileRef = 96353E5223FDAD3D00105F93 /* Main.storyboard */; };
		9687496324093DB800137BA7 /* Bash.swift in Sources */ = {isa = PBXBuildFile; fileRef = 9687496224093DB800137BA7 /* Bash.swift */; };
/* End PBXBuildFile section */

/* Begin PBXFileReference section */
		96353E4623FDAD3A00105F93 /* Total Commander.app */ = {isa = PBXFileReference; explicitFileType = wrapper.application; includeInIndex = 0; path = "Total Commander.app"; sourceTree = BUILT_PRODUCTS_DIR; };
		96353E4923FDAD3A00105F93 /* AppDelegate.swift */ = {isa = PBXFileReference; lastKnownFileType = sourcecode.swift; path = AppDelegate.swift; sourceTree = "<group>"; };
		96353E4B23FDAD3A00105F93 /* ContentView.swift */ = {isa = PBXFileReference; lastKnownFileType = sourcecode.swift; path = ContentView.swift; sourceTree = "<group>"; };
		96353E4D23FDAD3D00105F93 /* Assets.xcassets */ = {isa = PBXFileReference; lastKnownFileType = folder.assetcatalog; path = Assets.xcassets; sourceTree = "<group>"; };
		96353E5023FDAD3D00105F93 /* Preview Assets.xcassets */ = {isa = PBXFileReference; lastKnownFileType = folder.assetcatalog; path = "Preview Assets.xcassets"; sourceTree = "<group>"; };
		96353E5323FDAD3D00105F93 /* Base */ = {isa = PBXFileReference; lastKnownFileType = file.storyboard; name = Base; path = Base.lproj/Main.storyboard; sourceTree = "<group>"; };
		96353E5523FDAD3D00105F93 /* Info.plist */ = {isa = PBXFileReference; lastKnownFileType = text.plist.xml; path = Info.plist; sourceTree = "<group>"; };
		96353E5623FDAD3D00105F93 /* Total_Commander.entitlements */ = {isa = PBXFileReference; lastKnownFileType = text.plist.entitlements; path = Total_Commander.entitlements; sourceTree = "<group>"; };
		9687496224093DB800137BA7 /* Bash.swift */ = {isa = PBXFileReference; lastKnownFileType = sourcecode.swift; path = Bash.swift; sourceTree = "<group>"; };
/* End PBXFileReference section */

/* Begin PBXFrameworksBuildPhase section */
		96353E4323FDAD3A00105F93 /* Frameworks */ = {
			isa = PBXFrameworksBuildPhase;
			buildActionMask = 2147483647;
			files = (
			);
			runOnlyForDeploymentPostprocessing = 0;
		};
/* End PBXFrameworksBuildPhase section */

/* Begin PBXGroup section */
		96353E3D23FDAD3A00105F93 = {
			isa = PBXGroup;
			children = (
				96353E4823FDAD3A00105F93 /* Total Commander */,
				96353E4723FDAD3A00105F93 /* Products */,
			);
			sourceTree = "<group>";
		};
		96353E4723FDAD3A00105F93 /* Products */ = {
			isa = PBXGroup;
			children = (
				96353E4623FDAD3A00105F93 /* Total Commander.app */,
			);
			name = Products;
			sourceTree = "<group>";
		};
		96353E4823FDAD3A00105F93 /* Total Commander */ = {
			isa = PBXGroup;
			children = (
				96353E4923FDAD3A00105F93 /* AppDelegate.swift */,
				9687496224093DB800137BA7 /* Bash.swift */,
				96353E4B23FDAD3A00105F93 /* ContentView.swift */,
				96353E4D23FDAD3D00105F93 /* Assets.xcassets */,
				96353E5223FDAD3D00105F93 /* Main.storyboard */,
				96353E5523FDAD3D00105F93 /* Info.plist */,
				96353E5623FDAD3D00105F93 /* Total_Commander.entitlements */,
				96353E4F23FDAD3D00105F93 /* Preview Content */,
			);
			path = "Total Commander";
			sourceTree = "<group>";
		};
		96353E4F23FDAD3D00105F93 /* Preview Content */ = {
			isa = PBXGroup;
			children = (
				96353E5023FDAD3D00105F93 /* Preview Assets.xcassets */,
			);
			path = "Preview Content";
			sourceTree = "<group>";
		};
/* End PBXGroup section */

/* Begin PBXNativeTarget section */
		96353E4523FDAD3A00105F93 /* Total Commander */ = {
			isa = PBXNativeTarget;
			buildConfigurationList = 96353E5923FDAD3D00105F93 /* Build configuration list for PBXNativeTarget "Total Commander" */;
			buildPhases = (
				96353E4223FDAD3A00105F93 /* Sources */,
				96353E4323FDAD3A00105F93 /* Frameworks */,
				96353E4423FDAD3A00105F93 /* Resources */,
			);
			buildRules = (
			);
			dependencies = (
			);
			name = "Total Commander";
			productName = "Total Commander";
			productReference = 96353E4623FDAD3A00105F93 /* Total Commander.app */;
			productType = "com.apple.product-type.application";
		};
/* End PBXNativeTarget section */

/* Begin PBXProject section */
		96353E3E23FDAD3A00105F93 /* Project object */ = {
			isa = PBXProject;
			attributes = {
				LastSwiftUpdateCheck = 1120;
				LastUpgradeCheck = 1120;
				ORGANIZATIONNAME = WORK;
				TargetAttributes = {
					96353E4523FDAD3A00105F93 = {
						CreatedOnToolsVersion = 11.2.1;
					};
				};
			};
			buildConfigurationList = 96353E4123FDAD3A00105F93 /* Build configuration list for PBXProject "Total Commander" */;
			compatibilityVersion = "Xcode 9.3";
			developmentRegion = en;
			hasScannedForEncodings = 0;
			knownRegions = (
				en,
				Base,
			);
			mainGroup = 96353E3D23FDAD3A00105F93;
			productRefGroup = 96353E4723FDAD3A00105F93 /* Products */;
			projectDirPath = "";
			projectRoot = "";
			targets = (
				96353E4523FDAD3A00105F93 /* Total Commander */,
			);
		};
/* End PBXProject section */

/* Begin PBXResourcesBuildPhase section */
		96353E4423FDAD3A00105F93 /* Resources */ = {
			isa = PBXResourcesBuildPhase;
			buildActionMask = 2147483647;
			files = (
				96353E5423FDAD3D00105F93 /* Main.storyboard in Resources */,
				96353E5123FDAD3D00105F93 /* Preview Assets.xcassets in Resources */,
				96353E4E23FDAD3D00105F93 /* Assets.xcassets in Resources */,
			);
			runOnlyForDeploymentPostprocessing = 0;
		};
/* End PBXResourcesBuildPhase section */

/* Begin PBXSourcesBuildPhase section */
		96353E4223FDAD3A00105F93 /* Sources */ = {
			isa = PBXSourcesBuildPhase;
			buildActionMask = 2147483647;
			files = (
				9687496324093DB800137BA7 /* Bash.swift in Sources */,
				96353E4C23FDAD3A00105F93 /* ContentView.swift in Sources */,
				96353E4A23FDAD3A00105F93 /* AppDelegate.swift in Sources */,
			);
			runOnlyForDeploymentPostprocessing = 0;
		};
/* End PBXSourcesBuildPhase section */

/* Begin PBXVariantGroup section */
		96353E5223FDAD3D00105F93 /* Main.storyboard */ = {
			isa = PBXVariantGroup;
			children = (
				96353E5323FDAD3D00105F93 /* Base */,
			);
			name = Main.storyboard;
			sourceTree = "<group>";
		};
/* End PBXVariantGroup section */

/* Begin XCBuildConfiguration section */
		96353E5723FDAD3D00105F93 /* Debug */ = {
			isa = XCBuildConfiguration;
			buildSettings = {
				ALWAYS_SEARCH_USER_PATHS = NO;
				CLANG_ANALYZER_NONNULL = YES;
				CLANG_ANALYZER_NUMBER_OBJECT_CONVERSION = YES_AGGRESSIVE;
				CLANG_CXX_LANGUAGE_STANDARD = "gnu++14";
				CLANG_CXX_LIBRARY = "libc++";
				CLANG_ENABLE_MODULES = YES;
				CLANG_ENABLE_OBJC_ARC = YES;
				CLANG_ENABLE_OBJC_WEAK = YES;
				CLANG_WARN_BLOCK_CAPTURE_AUTORELEASING = YES;
				CLANG_WARN_BOOL_CONVERSION = YES;
				CLANG_WARN_COMMA = YES;
				CLANG_WARN_CONSTANT_CONVERSION = YES;
				CLANG_WARN_DEPRECATED_OBJC_IMPLEMENTATIONS = YES;
				CLANG_WARN_DIRECT_OBJC_ISA_USAGE = YES_ERROR;
				CLANG_WARN_DOCUMENTATION_COMMENTS = YES;
				CLANG_WARN_EMPTY_BODY = YES;
				CLANG_WARN_ENUM_CONVERSION = YES;
				CLANG_WARN_INFINITE_RECURSION = YES;
				CLANG_WARN_INT_CONVERSION = YES;
				CLANG_WARN_NON_LITERAL_NULL_CONVERSION = YES;
				CLANG_WARN_OBJC_IMPLICIT_RETAIN_SELF = YES;
				CLANG_WARN_OBJC_LITERAL_CONVERSION = YES;
				CLANG_WARN_OBJC_ROOT_CLASS = YES_ERROR;
				CLANG_WARN_RANGE_LOOP_ANALYSIS = YES;
				CLANG_WARN_STRICT_PROTOTYPES = YES;
				CLANG_WARN_SUSPICIOUS_MOVE = YES;
				CLANG_WARN_UNGUARDED_AVAILABILITY = YES_AGGRESSIVE;
				CLANG_WARN_UNREACHABLE_CODE = YES;
				CLANG_WARN__DUPLICATE_METHOD_MATCH = YES;
				COPY_PHASE_STRIP = NO;
				DEBUG_INFORMATION_FORMAT = dwarf;
				ENABLE_STRICT_OBJC_MSGSEND = YES;
				ENABLE_TESTABILITY = YES;
				GCC_C_LANGUAGE_STANDARD = gnu11;
				GCC_DYNAMIC_NO_PIC = NO;
				GCC_NO_COMMON_BLOCKS = YES;
				GCC_OPTIMIZATION_LEVEL = 0;
				GCC_PREPROCESSOR_DEFINITIONS = (
					"DEBUG=1",
					"$(inherited)",
				);
				GCC_WARN_64_TO_32_BIT_CONVERSION = YES;
				GCC_WARN_ABOUT_RETURN_TYPE = YES_ERROR;
				GCC_WARN_UNDECLARED_SELECTOR = YES;
				GCC_WARN_UNINITIALIZED_AUTOS = YES_AGGRESSIVE;
				GCC_WARN_UNUSED_FUNCTION = YES;
				GCC_WARN_UNUSED_VARIABLE = YES;
				MACOSX_DEPLOYMENT_TARGET = 10.15;
				MTL_ENABLE_DEBUG_INFO = INCLUDE_SOURCE;
				MTL_FAST_MATH = YES;
				ONLY_ACTIVE_ARCH = YES;
				SDKROOT = macosx;
				SWIFT_ACTIVE_COMPILATION_CONDITIONS = DEBUG;
				SWIFT_OPTIMIZATION_LEVEL = "-Onone";
			};
			name = Debug;
		};
		96353E5823FDAD3D00105F93 /* Release */ = {
			isa = XCBuildConfiguration;
			buildSettings = {
				ALWAYS_SEARCH_USER_PATHS = NO;
				CLANG_ANALYZER_NONNULL = YES;
				CLANG_ANALYZER_NUMBER_OBJECT_CONVERSION = YES_AGGRESSIVE;
				CLANG_CXX_LANGUAGE_STANDARD = "gnu++14";
				CLANG_CXX_LIBRARY = "libc++";
				CLANG_ENABLE_MODULES = YES;
				CLANG_ENABLE_OBJC_ARC = YES;
				CLANG_ENABLE_OBJC_WEAK = YES;
				CLANG_WARN_BLOCK_CAPTURE_AUTORELEASING = YES;
				CLANG_WARN_BOOL_CONVERSION = YES;
				CLANG_WARN_COMMA = YES;
				CLANG_WARN_CONSTANT_CONVERSION = YES;
				CLANG_WARN_DEPRECATED_OBJC_IMPLEMENTATIONS = YES;
				CLANG_WARN_DIRECT_OBJC_ISA_USAGE = YES_ERROR;
				CLANG_WARN_DOCUMENTATION_COMMENTS = YES;
				CLANG_WARN_EMPTY_BODY = YES;
				CLANG_WARN_ENUM_CONVERSION = YES;
				CLANG_WARN_INFINITE_RECURSION = YES;
				CLANG_WARN_INT_CONVERSION = YES;
				CLANG_WARN_NON_LITERAL_NULL_CONVERSION = YES;
				CLANG_WARN_OBJC_IMPLICIT_RETAIN_SELF = YES;
				CLANG_WARN_OBJC_LITERAL_CONVERSION = YES;
				CLANG_WARN_OBJC_ROOT_CLASS = YES_ERROR;
				CLANG_WARN_RANGE_LOOP_ANALYSIS = YES;
				CLANG_WARN_STRICT_PROTOTYPES = YES;
				CLANG_WARN_SUSPICIOUS_MOVE = YES;
				CLANG_WARN_UNGUARDED_AVAILABILITY = YES_AGGRESSIVE;
				CLANG_WARN_UNREACHABLE_CODE = YES;
				CLANG_WARN__DUPLICATE_METHOD_MATCH = YES;
				COPY_PHASE_STRIP = NO;
				DEBUG_INFORMATION_FORMAT = "dwarf-with-dsym";
				ENABLE_NS_ASSERTIONS = NO;
				ENABLE_STRICT_OBJC_MSGSEND = YES;
				GCC_C_LANGUAGE_STANDARD = gnu11;
				GCC_NO_COMMON_BLOCKS = YES;
				GCC_WARN_64_TO_32_BIT_CONVERSION = YES;
				GCC_WARN_ABOUT_RETURN_TYPE = YES_ERROR;
				GCC_WARN_UNDECLARED_SELECTOR = YES;
				GCC_WARN_UNINITIALIZED_AUTOS = YES_AGGRESSIVE;
				GCC_WARN_UNUSED_FUNCTION = YES;
				GCC_WARN_UNUSED_VARIABLE = YES;
				MACOSX_DEPLOYMENT_TARGET = 10.15;
				MTL_ENABLE_DEBUG_INFO = NO;
				MTL_FAST_MATH = YES;
				SDKROOT = macosx;
				SWIFT_COMPILATION_MODE = wholemodule;
				SWIFT_OPTIMIZATION_LEVEL = "-O";
			};
			name = Release;
		};
		96353E5A23FDAD3D00105F93 /* Debug */ = {
			isa = XCBuildConfiguration;
			buildSettings = {
				ASSETCATALOG_COMPILER_APPICON_NAME = AppIcon;
				CODE_SIGN_ENTITLEMENTS = "Total Commander/Total_Commander.entitlements";
				CODE_SIGN_STYLE = Automatic;
				COMBINE_HIDPI_IMAGES = YES;
				DEVELOPMENT_ASSET_PATHS = "\"Total Commander/Preview Content\"";
				DEVELOPMENT_TEAM = S3QZTSS945;
				ENABLE_PREVIEWS = YES;
				INFOPLIST_FILE = "Total Commander/Info.plist";
				LD_RUNPATH_SEARCH_PATHS = (
					"$(inherited)",
					"@executable_path/../Frameworks",
				);
				MACOSX_DEPLOYMENT_TARGET = 10.15;
				PRODUCT_BUNDLE_IDENTIFIER = "Total-Commander.Total-Commander";
				PRODUCT_NAME = "$(TARGET_NAME)";
				SWIFT_VERSION = 5.0;
			};
			name = Debug;
		};
		96353E5B23FDAD3D00105F93 /* Release */ = {
			isa = XCBuildConfiguration;
			buildSettings = {
				ASSETCATALOG_COMPILER_APPICON_NAME = AppIcon;
				CODE_SIGN_ENTITLEMENTS = "Total Commander/Total_Commander.entitlements";
				CODE_SIGN_STYLE = Automatic;
				COMBINE_HIDPI_IMAGES = YES;
				DEVELOPMENT_ASSET_PATHS = "\"Total Commander/Preview Content\"";
				DEVELOPMENT_TEAM = S3QZTSS945;
				ENABLE_PREVIEWS = YES;
				INFOPLIST_FILE = "Total Commander/Info.plist";
				LD_RUNPATH_SEARCH_PATHS = (
					"$(inherited)",
					"@executable_path/../Frameworks",
				);
				MACOSX_DEPLOYMENT_TARGET = 10.15;
				PRODUCT_BUNDLE_IDENTIFIER = "Total-Commander.Total-Commander";
				PRODUCT_NAME = "$(TARGET_NAME)";
				SWIFT_VERSION = 5.0;
			};
			name = Release;
		};
/* End XCBuildConfiguration section */

/* Begin XCConfigurationList section */
		96353E4123FDAD3A00105F93 /* Build configuration list for PBXProject "Total Commander" */ = {
			isa = XCConfigurationList;
			buildConfigurations = (
				96353E5723FDAD3D00105F93 /* Debug */,
				96353E5823FDAD3D00105F93 /* Release */,
			);
			defaultConfigurationIsVisible = 0;
			defaultConfigurationName = Release;
		};
		96353E5923FDAD3D00105F93 /* Build configuration list for PBXNativeTarget "Total Commander" */ = {
			isa = XCConfigurationList;
			buildConfigurations = (
				96353E5A23FDAD3D00105F93 /* Debug */,
				96353E5B23FDAD3D00105F93 /* Release */,
			);
			defaultConfigurationIsVisible = 0;
			defaultConfigurationName = Release;
		};
/* End XCConfigurationList section */
	};
	rootObject = 96353E3E23FDAD3A00105F93 /* Project object */;
}
